
Microsoft Visual Studio Solution File, Format Version 12.00
# Visual Studio Version 17
VisualStudioVersion = 17.0.31903.59
MinimumVisualStudioVersion = 10.0.40219.1
Project("{FAE04EC0-301F-11D3-BF4B-00C04F79EFBC}") = "EventsMng.Application", "EventsMng.Application\EventsMng.Application.csproj", "{D6F3FDA1-F703-4A45-A0C8-068379DA6074}"
EndProject
Project("{FAE04EC0-301F-11D3-BF4B-00C04F79EFBC}") = "EventsMng.Domain", "EventsMng.Domain\EventsMng.Domain.csproj", "{2BDCB758-53BC-472A-8AE1-A33D7251C4FB}"
EndProject
Project("{FAE04EC0-301F-11D3-BF4B-00C04F79EFBC}") = "EventsMng.Infrastructure", "EventsMng.Infrastructure\EventsMng.Infrastructure.csproj", "{F4B75429-20AD-466F-A674-68515F9358D8}"
EndProject
Project("{FAE04EC0-301F-11D3-BF4B-00C04F79EFBC}") = "EventsMng.Api", "EventsMng.Api\EventsMng.Api.csproj", "{0A16F343-B737-327C-03A0-8F5EB0B1F48F}"
EndProject
Global
	GlobalSection(SolutionConfigurationPlatforms) = preSolution
		Debug|Any CPU = Debug|Any CPU
		Release|Any CPU = Release|Any CPU
	EndGlobalSection
	GlobalSection(ProjectConfigurationPlatforms) = postSolution
		{D6F3FDA1-F703-4A45-A0C8-068379DA6074}.Debug|Any CPU.ActiveCfg = Debug|Any CPU
		{D6F3FDA1-F703-4A45-A0C8-068379DA6074}.Debug|Any CPU.Build.0 = Debug|Any CPU
		{D6F3FDA1-F703-4A45-A0C8-068379DA6074}.Release|Any CPU.ActiveCfg = Release|Any CPU
		{D6F3FDA1-F703-4A45-A0C8-068379DA6074}.Release|Any CPU.Build.0 = Release|Any CPU
		{2BDCB758-53BC-472A-8AE1-A33D7251C4FB}.Debug|Any CPU.ActiveCfg = Debug|Any CPU
		{2BDCB758-53BC-472A-8AE1-A33D7251C4FB}.Debug|Any CPU.Build.0 = Debug|Any CPU
		{2BDCB758-53BC-472A-8AE1-A33D7251C4FB}.Release|Any CPU.ActiveCfg = Release|Any CPU
		{2BDCB758-53BC-472A-8AE1-A33D7251C4FB}.Release|Any CPU.Build.0 = Release|Any CPU
		{F4B75429-20AD-466F-A674-68515F9358D8}.Debug|Any CPU.ActiveCfg = Debug|Any CPU
		{F4B75429-20AD-466F-A674-68515F9358D8}.Debug|Any CPU.Build.0 = Debug|Any CPU
		{F4B75429-20AD-466F-A674-68515F9358D8}.Release|Any CPU.ActiveCfg = Release|Any CPU
		{F4B75429-20AD-466F-A674-68515F9358D8}.Release|Any CPU.Build.0 = Release|Any CPU
		{0A16F343-B737-327C-03A0-8F5EB0B1F48F}.Debug|Any CPU.ActiveCfg = Debug|Any CPU
		{0A16F343-B737-327C-03A0-8F5EB0B1F48F}.Debug|Any CPU.Build.0 = Debug|Any CPU
		{0A16F343-B737-327C-03A0-8F5EB0B1F48F}.Release|Any CPU.ActiveCfg = Release|Any CPU
		{0A16F343-B737-327C-03A0-8F5EB0B1F48F}.Release|Any CPU.Build.0 = Release|Any CPU
	EndGlobalSection
	GlobalSection(SolutionProperties) = preSolution
		HideSolutionNode = FALSE
	EndGlobalSection
	GlobalSection(ExtensibilityGlobals) = postSolution
		SolutionGuid = {9E1F58D0-DE8F-4248-BD3E-36B95C0A8438}
	EndGlobalSection
EndGlobal
